Microsoft Visual Studio Solution File, Format Version 12.00
# Visual Studio Version 17
VisualStudioVersion = 17.10.34607.79
MinimumVisualStudioVersion = 10.0.40219.1
Project("{9A19103F-16F7-4668-BE54-9A1E7A4F7556}") = "Connect4.AppHost", "Connect4.AppHost\Connect4.AppHost.csproj", "{10D94B50-1FD7-4EAC-BE39-830098B1F5B0}"
EndProject
Project("{9A19103F-16F7-4668-BE54-9A1E7A4F7556}") = "Connect4.ServiceDefaults", "Connect4.ServiceDefaults\Connect4.ServiceDefaults.csproj", "{53439CCD-B63C-4949-A32A-18E22889F952}"
EndProject
Project("{9A19103F-16F7-4668-BE54-9A1E7A4F7556}") = "Connect4.Web", "Connect4.Web\Connect4.Web.csproj", "{CDD8E2FC-6548-4D18-8AEA-5C09DCEB22E7}"
EndProject
Project("{2150E333-8FDC-42A3-9474-1A3956D46DE8}") = "Solution Items", "Solution Items", "{917DDD46-6867-4BA3-94A1-6D011717C46B}"
	ProjectSection(SolutionItems) = preProject
		Directory.Build.props = Directory.Build.props
		Directory.Packages.props = Directory.Packages.props
	EndProjectSection
EndProject
Project("{9A19103F-16F7-4668-BE54-9A1E7A4F7556}") = "Connect4.Frontend", "Connect4.Frontend\Connect4.Frontend.csproj", "{531EBD48-D7DD-4690-9741-22130BA613E1}"
EndProject
Project("{9A19103F-16F7-4668-BE54-9A1E7A4F7556}") = "Connect4.Backend", "Connect4.Backend\Connect4.Backend.csproj", "{35DF84DC-8AD1-4773-8DA9-69EBD297A642}"
EndProject
Project("{2150E333-8FDC-42A3-9474-1A3956D46DE8}") = "Backend", "Backend", "{270B8C03-7A84-40A4-ACF5-A7597A99FF32}"
EndProject
Project("{2150E333-8FDC-42A3-9474-1A3956D46DE8}") = "Shared", "Shared", "{AD116EEF-D7AD-417A-94AA-C98FDE117F1C}"
EndProject
Project("{2150E333-8FDC-42A3-9474-1A3956D46DE8}") = "Game", "Game", "{C482FC41-D6CF-415C-89D5-2CA38C6FB6F9}"
EndProject
Project("{9A19103F-16F7-4668-BE54-9A1E7A4F7556}") = "Shared.Domain", "Shared.Domain\Shared.Domain.csproj", "{21C508D6-EC34-4A35-9D25-66210C18EC0C}"
EndProject
Project("{9A19103F-16F7-4668-BE54-9A1E7A4F7556}") = "Shared.Infrastructure", "Shared.Infrastructure\Shared.Infrastructure.csproj", "{5E28898E-1D76-4FD8-9655-35587DF2CD9D}"
EndProject
Project("{9A19103F-16F7-4668-BE54-9A1E7A4F7556}") = "Game.Infrastructure", "Game.Infrastructure\Game.Infrastructure.csproj", "{874718CF-0179-40E1-B6D0-2E44570AFB24}"
EndProject
Project("{9A19103F-16F7-4668-BE54-9A1E7A4F7556}") = "Game.Domain", "Game.Domain\Game.Domain.csproj", "{815FCFEF-7AE7-4B8A-A29B-0281ABE7466B}"
EndProject
Project("{9A19103F-16F7-4668-BE54-9A1E7A4F7556}") = "Game.Application", "Game.Application\Game.Application.csproj", "{B1CBC882-3712-483D-8C2B-2706D485A1D8}"
EndProject
Project("{9A19103F-16F7-4668-BE54-9A1E7A4F7556}") = "Shared.Application", "Shared.Application\Shared.Application.csproj", "{D995F080-27AB-4115-A35E-8AE40102B80B}"
EndProject
Project("{2150E333-8FDC-42A3-9474-1A3956D46DE8}") = "Visualizer", "Visualizer", "{00DAF9F4-0EF5-480A-9715-47C697FCA85D}"
EndProject
Project("{9A19103F-16F7-4668-BE54-9A1E7A4F7556}") = "Visualizer.Application", "Visualizer.Application\Visualizer.Application.csproj", "{D17E944C-3524-4860-9785-C78B43535BF2}"
EndProject
Project("{9A19103F-16F7-4668-BE54-9A1E7A4F7556}") = "Visualizer.Domain", "Visualizer.Domain\Visualizer.Domain.csproj", "{D786A3D9-32DC-40F4-AC53-389207CD563F}"
EndProject
Project("{9A19103F-16F7-4668-BE54-9A1E7A4F7556}") = "Visualizer.Infrastructure", "Visualizer.Infrastructure\Visualizer.Infrastructure.csproj", "{96244A5C-DF83-48CB-BB92-207346173BB9}"
EndProject
Project("{9A19103F-16F7-4668-BE54-9A1E7A4F7556}") = "Visualizer.Contract", "Visualizer.Contract\Visualizer.Contract.csproj", "{A03A2756-00BC-4A4D-BEC9-62F8015EE5AE}"
EndProject
Project("{9A19103F-16F7-4668-BE54-9A1E7A4F7556}") = "Shared.Contract", "Shared.Contract\Shared.Contract.csproj", "{05AAD756-622B-4451-ACAB-7375AF2F4DC5}"
EndProject
Project("{9A19103F-16F7-4668-BE54-9A1E7A4F7556}") = "Game.Contract", "Game.Contract\Game.Contract.csproj", "{CC301037-8C83-4D42-8043-2EA6C6477B84}"
EndProject
Project("{9A19103F-16F7-4668-BE54-9A1E7A4F7556}") = "Visualizer.Physical.Infrastructure", "Visualizer.Physical.Infrastructure\Visualizer.Physical.Infrastructure.csproj", "{7C9436BB-F3B7-49E5-9C9F-C7CDE3D435EE}"
EndProject
Project("{2150E333-8FDC-42A3-9474-1A3956D46DE8}") = "PlayerClient", "PlayerClient", "{E9C889E4-CD49-44C8-952F-61E9E02D643D}"
EndProject
Project("{9A19103F-16F7-4668-BE54-9A1E7A4F7556}") = "PlayerClient.Local", "PlayerClient.Local\PlayerClient.Local.csproj", "{BA19FF58-2AC8-45AB-892E-B76A6DABD599}"
EndProject
Project("{9A19103F-16F7-4668-BE54-9A1E7A4F7556}") = "PlayerClient.Domain", "PlayerClient.Domain\PlayerClient.Domain.csproj", "{CF665E0E-7652-4F8C-AEBF-2C7A422CE010}"
EndProject
Project("{9A19103F-16F7-4668-BE54-9A1E7A4F7556}") = "PlayerClient.Contract", "PlayerClient.Contract\PlayerClient.Contract.csproj", "{0BC28A09-2D0F-4BCB-AFB6-5E60427CB53A}"
EndProject
Project("{9A19103F-16F7-4668-BE54-9A1E7A4F7556}") = "PlayerClient.Infrastructure", "PlayerClient.Infrastructure\PlayerClient.Infrastructure.csproj", "{C2212040-3CCC-48D5-84CE-A02D9E15CB04}"
EndProject
Project("{9A19103F-16F7-4668-BE54-9A1E7A4F7556}") = "PlayerClient.Application", "PlayerClient.Application\PlayerClient.Application.csproj", "{7176E09F-5503-4F37-8779-F2E70F3D9250}"
EndProject
Project("{9A19103F-16F7-4668-BE54-9A1E7A4F7556}") = "Connect4.FakeRobot", "Connect4.FakeRobot\Connect4.FakeRobot.csproj", "{CD3C0792-D4FD-4739-B420-498F6F1DB48B}"
EndProject
Project("{FAE04EC0-301F-11D3-BF4B-00C04F79EFBC}") = "PlayerClient.AI", "PlayerClient.AI\PlayerClient.AI.csproj", "{B236ABBB-99D2-4A72-9619-F7047BBA29E5}"
EndProject
Global
	GlobalSection(SolutionConfigurationPlatforms) = preSolution
		Debug|Any CPU = Debug|Any CPU
		Release|Any CPU = Release|Any CPU
	EndGlobalSection
	GlobalSection(ProjectConfigurationPlatforms) = postSolution
		{10D94B50-1FD7-4EAC-BE39-830098B1F5B0}.Debug|Any CPU.ActiveCfg = Debug|Any CPU
		{10D94B50-1FD7-4EAC-BE39-830098B1F5B0}.Debug|Any CPU.Build.0 = Debug|Any CPU
		{10D94B50-1FD7-4EAC-BE39-830098B1F5B0}.Release|Any CPU.ActiveCfg = Release|Any CPU
		{10D94B50-1FD7-4EAC-BE39-830098B1F5B0}.Release|Any CPU.Build.0 = Release|Any CPU
		{53439CCD-B63C-4949-A32A-18E22889F952}.Debug|Any CPU.ActiveCfg = Debug|Any CPU
		{53439CCD-B63C-4949-A32A-18E22889F952}.Debug|Any CPU.Build.0 = Debug|Any CPU
		{53439CCD-B63C-4949-A32A-18E22889F952}.Release|Any CPU.ActiveCfg = Release|Any CPU
		{53439CCD-B63C-4949-A32A-18E22889F952}.Release|Any CPU.Build.0 = Release|Any CPU
		{CDD8E2FC-6548-4D18-8AEA-5C09DCEB22E7}.Debug|Any CPU.ActiveCfg = Debug|Any CPU
		{CDD8E2FC-6548-4D18-8AEA-5C09DCEB22E7}.Debug|Any CPU.Build.0 = Debug|Any CPU
		{CDD8E2FC-6548-4D18-8AEA-5C09DCEB22E7}.Release|Any CPU.ActiveCfg = Release|Any CPU
		{CDD8E2FC-6548-4D18-8AEA-5C09DCEB22E7}.Release|Any CPU.Build.0 = Release|Any CPU
		{531EBD48-D7DD-4690-9741-22130BA613E1}.Debug|Any CPU.ActiveCfg = Debug|Any CPU
		{531EBD48-D7DD-4690-9741-22130BA613E1}.Debug|Any CPU.Build.0 = Debug|Any CPU
		{531EBD48-D7DD-4690-9741-22130BA613E1}.Release|Any CPU.ActiveCfg = Release|Any CPU
		{531EBD48-D7DD-4690-9741-22130BA613E1}.Release|Any CPU.Build.0 = Release|Any CPU
		{35DF84DC-8AD1-4773-8DA9-69EBD297A642}.Debug|Any CPU.ActiveCfg = Debug|Any CPU
		{35DF84DC-8AD1-4773-8DA9-69EBD297A642}.Debug|Any CPU.Build.0 = Debug|Any CPU
		{35DF84DC-8AD1-4773-8DA9-69EBD297A642}.Release|Any CPU.ActiveCfg = Release|Any CPU
		{35DF84DC-8AD1-4773-8DA9-69EBD297A642}.Release|Any CPU.Build.0 = Release|Any CPU
		{21C508D6-EC34-4A35-9D25-66210C18EC0C}.Debug|Any CPU.ActiveCfg = Debug|Any CPU
		{21C508D6-EC34-4A35-9D25-66210C18EC0C}.Debug|Any CPU.Build.0 = Debug|Any CPU
		{21C508D6-EC34-4A35-9D25-66210C18EC0C}.Release|Any CPU.ActiveCfg = Release|Any CPU
		{21C508D6-EC34-4A35-9D25-66210C18EC0C}.Release|Any CPU.Build.0 = Release|Any CPU
		{5E28898E-1D76-4FD8-9655-35587DF2CD9D}.Debug|Any CPU.ActiveCfg = Debug|Any CPU
		{5E28898E-1D76-4FD8-9655-35587DF2CD9D}.Debug|Any CPU.Build.0 = Debug|Any CPU
		{5E28898E-1D76-4FD8-9655-35587DF2CD9D}.Release|Any CPU.ActiveCfg = Release|Any CPU
		{5E28898E-1D76-4FD8-9655-35587DF2CD9D}.Release|Any CPU.Build.0 = Release|Any CPU
		{874718CF-0179-40E1-B6D0-2E44570AFB24}.Debug|Any CPU.ActiveCfg = Debug|Any CPU
		{874718CF-0179-40E1-B6D0-2E44570AFB24}.Debug|Any CPU.Build.0 = Debug|Any CPU
		{874718CF-0179-40E1-B6D0-2E44570AFB24}.Release|Any CPU.ActiveCfg = Release|Any CPU
		{874718CF-0179-40E1-B6D0-2E44570AFB24}.Release|Any CPU.Build.0 = Release|Any CPU
		{815FCFEF-7AE7-4B8A-A29B-0281ABE7466B}.Debug|Any CPU.ActiveCfg = Debug|Any CPU
		{815FCFEF-7AE7-4B8A-A29B-0281ABE7466B}.Debug|Any CPU.Build.0 = Debug|Any CPU
		{815FCFEF-7AE7-4B8A-A29B-0281ABE7466B}.Release|Any CPU.ActiveCfg = Release|Any CPU
		{815FCFEF-7AE7-4B8A-A29B-0281ABE7466B}.Release|Any CPU.Build.0 = Release|Any CPU
		{B1CBC882-3712-483D-8C2B-2706D485A1D8}.Debug|Any CPU.ActiveCfg = Debug|Any CPU
		{B1CBC882-3712-483D-8C2B-2706D485A1D8}.Debug|Any CPU.Build.0 = Debug|Any CPU
		{B1CBC882-3712-483D-8C2B-2706D485A1D8}.Release|Any CPU.ActiveCfg = Release|Any CPU
		{B1CBC882-3712-483D-8C2B-2706D485A1D8}.Release|Any CPU.Build.0 = Release|Any CPU
		{D995F080-27AB-4115-A35E-8AE40102B80B}.Debug|Any CPU.ActiveCfg = Debug|Any CPU
		{D995F080-27AB-4115-A35E-8AE40102B80B}.Debug|Any CPU.Build.0 = Debug|Any CPU
		{D995F080-27AB-4115-A35E-8AE40102B80B}.Release|Any CPU.ActiveCfg = Release|Any CPU
		{D995F080-27AB-4115-A35E-8AE40102B80B}.Release|Any CPU.Build.0 = Release|Any CPU
		{D17E944C-3524-4860-9785-C78B43535BF2}.Debug|Any CPU.ActiveCfg = Debug|Any CPU
		{D17E944C-3524-4860-9785-C78B43535BF2}.Debug|Any CPU.Build.0 = Debug|Any CPU
		{D17E944C-3524-4860-9785-C78B43535BF2}.Release|Any CPU.ActiveCfg = Release|Any CPU
		{D17E944C-3524-4860-9785-C78B43535BF2}.Release|Any CPU.Build.0 = Release|Any CPU
		{D786A3D9-32DC-40F4-AC53-389207CD563F}.Debug|Any CPU.ActiveCfg = Debug|Any CPU
		{D786A3D9-32DC-40F4-AC53-389207CD563F}.Debug|Any CPU.Build.0 = Debug|Any CPU
		{D786A3D9-32DC-40F4-AC53-389207CD563F}.Release|Any CPU.ActiveCfg = Release|Any CPU
		{D786A3D9-32DC-40F4-AC53-389207CD563F}.Release|Any CPU.Build.0 = Release|Any CPU
		{96244A5C-DF83-48CB-BB92-207346173BB9}.Debug|Any CPU.ActiveCfg = Debug|Any CPU
		{96244A5C-DF83-48CB-BB92-207346173BB9}.Debug|Any CPU.Build.0 = Debug|Any CPU
		{96244A5C-DF83-48CB-BB92-207346173BB9}.Release|Any CPU.ActiveCfg = Release|Any CPU
		{96244A5C-DF83-48CB-BB92-207346173BB9}.Release|Any CPU.Build.0 = Release|Any CPU
		{A03A2756-00BC-4A4D-BEC9-62F8015EE5AE}.Debug|Any CPU.ActiveCfg = Debug|Any CPU
		{A03A2756-00BC-4A4D-BEC9-62F8015EE5AE}.Debug|Any CPU.Build.0 = Debug|Any CPU
		{A03A2756-00BC-4A4D-BEC9-62F8015EE5AE}.Release|Any CPU.ActiveCfg = Release|Any CPU
		{A03A2756-00BC-4A4D-BEC9-62F8015EE5AE}.Release|Any CPU.Build.0 = Release|Any CPU
		{05AAD756-622B-4451-ACAB-7375AF2F4DC5}.Debug|Any CPU.ActiveCfg = Debug|Any CPU
		{05AAD756-622B-4451-ACAB-7375AF2F4DC5}.Debug|Any CPU.Build.0 = Debug|Any CPU
		{05AAD756-622B-4451-ACAB-7375AF2F4DC5}.Release|Any CPU.ActiveCfg = Release|Any CPU
		{05AAD756-622B-4451-ACAB-7375AF2F4DC5}.Release|Any CPU.Build.0 = Release|Any CPU
		{CC301037-8C83-4D42-8043-2EA6C6477B84}.Debug|Any CPU.ActiveCfg = Debug|Any CPU
		{CC301037-8C83-4D42-8043-2EA6C6477B84}.Debug|Any CPU.Build.0 = Debug|Any CPU
		{CC301037-8C83-4D42-8043-2EA6C6477B84}.Release|Any CPU.ActiveCfg = Release|Any CPU
		{CC301037-8C83-4D42-8043-2EA6C6477B84}.Release|Any CPU.Build.0 = Release|Any CPU
		{7C9436BB-F3B7-49E5-9C9F-C7CDE3D435EE}.Debug|Any CPU.ActiveCfg = Debug|Any CPU
		{7C9436BB-F3B7-49E5-9C9F-C7CDE3D435EE}.Debug|Any CPU.Build.0 = Debug|Any CPU
		{7C9436BB-F3B7-49E5-9C9F-C7CDE3D435EE}.Release|Any CPU.ActiveCfg = Release|Any CPU
		{7C9436BB-F3B7-49E5-9C9F-C7CDE3D435EE}.Release|Any CPU.Build.0 = Release|Any CPU
		{BA19FF58-2AC8-45AB-892E-B76A6DABD599}.Debug|Any CPU.ActiveCfg = Debug|Any CPU
		{BA19FF58-2AC8-45AB-892E-B76A6DABD599}.Debug|Any CPU.Build.0 = Debug|Any CPU
		{BA19FF58-2AC8-45AB-892E-B76A6DABD599}.Release|Any CPU.ActiveCfg = Release|Any CPU
		{BA19FF58-2AC8-45AB-892E-B76A6DABD599}.Release|Any CPU.Build.0 = Release|Any CPU
		{CF665E0E-7652-4F8C-AEBF-2C7A422CE010}.Debug|Any CPU.ActiveCfg = Debug|Any CPU
		{CF665E0E-7652-4F8C-AEBF-2C7A422CE010}.Debug|Any CPU.Build.0 = Debug|Any CPU
		{CF665E0E-7652-4F8C-AEBF-2C7A422CE010}.Release|Any CPU.ActiveCfg = Release|Any CPU
		{CF665E0E-7652-4F8C-AEBF-2C7A422CE010}.Release|Any CPU.Build.0 = Release|Any CPU
		{0BC28A09-2D0F-4BCB-AFB6-5E60427CB53A}.Debug|Any CPU.ActiveCfg = Debug|Any CPU
		{0BC28A09-2D0F-4BCB-AFB6-5E60427CB53A}.Debug|Any CPU.Build.0 = Debug|Any CPU
		{0BC28A09-2D0F-4BCB-AFB6-5E60427CB53A}.Release|Any CPU.ActiveCfg = Release|Any CPU
		{0BC28A09-2D0F-4BCB-AFB6-5E60427CB53A}.Release|Any CPU.Build.0 = Release|Any CPU
		{C2212040-3CCC-48D5-84CE-A02D9E15CB04}.Debug|Any CPU.ActiveCfg = Debug|Any CPU
		{C2212040-3CCC-48D5-84CE-A02D9E15CB04}.Debug|Any CPU.Build.0 = Debug|Any CPU
		{C2212040-3CCC-48D5-84CE-A02D9E15CB04}.Release|Any CPU.ActiveCfg = Release|Any CPU
		{C2212040-3CCC-48D5-84CE-A02D9E15CB04}.Release|Any CPU.Build.0 = Release|Any CPU
		{7176E09F-5503-4F37-8779-F2E70F3D9250}.Debug|Any CPU.ActiveCfg = Debug|Any CPU
		{7176E09F-5503-4F37-8779-F2E70F3D9250}.Debug|Any CPU.Build.0 = Debug|Any CPU
		{7176E09F-5503-4F37-8779-F2E70F3D9250}.Release|Any CPU.ActiveCfg = Release|Any CPU
		{7176E09F-5503-4F37-8779-F2E70F3D9250}.Release|Any CPU.Build.0 = Release|Any CPU
		{CD3C0792-D4FD-4739-B420-498F6F1DB48B}.Debug|Any CPU.ActiveCfg = Debug|Any CPU
		{CD3C0792-D4FD-4739-B420-498F6F1DB48B}.Debug|Any CPU.Build.0 = Debug|Any CPU
		{CD3C0792-D4FD-4739-B420-498F6F1DB48B}.Release|Any CPU.ActiveCfg = Release|Any CPU
		{CD3C0792-D4FD-4739-B420-498F6F1DB48B}.Release|Any CPU.Build.0 = Release|Any CPU
		{B236ABBB-99D2-4A72-9619-F7047BBA29E5}.Debug|Any CPU.ActiveCfg = Debug|Any CPU
		{B236ABBB-99D2-4A72-9619-F7047BBA29E5}.Debug|Any CPU.Build.0 = Debug|Any CPU
		{B236ABBB-99D2-4A72-9619-F7047BBA29E5}.Release|Any CPU.ActiveCfg = Release|Any CPU
		{B236ABBB-99D2-4A72-9619-F7047BBA29E5}.Release|Any CPU.Build.0 = Release|Any CPU
	EndGlobalSection
	GlobalSection(SolutionProperties) = preSolution
		HideSolutionNode = FALSE
	EndGlobalSection
	GlobalSection(NestedProjects) = preSolution
		{35DF84DC-8AD1-4773-8DA9-69EBD297A642} = {270B8C03-7A84-40A4-ACF5-A7597A99FF32}
		{AD116EEF-D7AD-417A-94AA-C98FDE117F1C} = {270B8C03-7A84-40A4-ACF5-A7597A99FF32}
		{C482FC41-D6CF-415C-89D5-2CA38C6FB6F9} = {270B8C03-7A84-40A4-ACF5-A7597A99FF32}
		{21C508D6-EC34-4A35-9D25-66210C18EC0C} = {AD116EEF-D7AD-417A-94AA-C98FDE117F1C}
		{5E28898E-1D76-4FD8-9655-35587DF2CD9D} = {AD116EEF-D7AD-417A-94AA-C98FDE117F1C}
		{874718CF-0179-40E1-B6D0-2E44570AFB24} = {C482FC41-D6CF-415C-89D5-2CA38C6FB6F9}
		{815FCFEF-7AE7-4B8A-A29B-0281ABE7466B} = {C482FC41-D6CF-415C-89D5-2CA38C6FB6F9}
		{B1CBC882-3712-483D-8C2B-2706D485A1D8} = {C482FC41-D6CF-415C-89D5-2CA38C6FB6F9}
		{D995F080-27AB-4115-A35E-8AE40102B80B} = {AD116EEF-D7AD-417A-94AA-C98FDE117F1C}
		{00DAF9F4-0EF5-480A-9715-47C697FCA85D} = {270B8C03-7A84-40A4-ACF5-A7597A99FF32}
		{D17E944C-3524-4860-9785-C78B43535BF2} = {00DAF9F4-0EF5-480A-9715-47C697FCA85D}
		{D786A3D9-32DC-40F4-AC53-389207CD563F} = {00DAF9F4-0EF5-480A-9715-47C697FCA85D}
		{96244A5C-DF83-48CB-BB92-207346173BB9} = {00DAF9F4-0EF5-480A-9715-47C697FCA85D}
		{A03A2756-00BC-4A4D-BEC9-62F8015EE5AE} = {00DAF9F4-0EF5-480A-9715-47C697FCA85D}
		{05AAD756-622B-4451-ACAB-7375AF2F4DC5} = {AD116EEF-D7AD-417A-94AA-C98FDE117F1C}
		{CC301037-8C83-4D42-8043-2EA6C6477B84} = {C482FC41-D6CF-415C-89D5-2CA38C6FB6F9}
		{7C9436BB-F3B7-49E5-9C9F-C7CDE3D435EE} = {00DAF9F4-0EF5-480A-9715-47C697FCA85D}
		{E9C889E4-CD49-44C8-952F-61E9E02D643D} = {270B8C03-7A84-40A4-ACF5-A7597A99FF32}
		{BA19FF58-2AC8-45AB-892E-B76A6DABD599} = {E9C889E4-CD49-44C8-952F-61E9E02D643D}
		{CF665E0E-7652-4F8C-AEBF-2C7A422CE010} = {E9C889E4-CD49-44C8-952F-61E9E02D643D}
		{0BC28A09-2D0F-4BCB-AFB6-5E60427CB53A} = {E9C889E4-CD49-44C8-952F-61E9E02D643D}
		{C2212040-3CCC-48D5-84CE-A02D9E15CB04} = {E9C889E4-CD49-44C8-952F-61E9E02D643D}
		{7176E09F-5503-4F37-8779-F2E70F3D9250} = {E9C889E4-CD49-44C8-952F-61E9E02D643D}
		{B236ABBB-99D2-4A72-9619-F7047BBA29E5} = {E9C889E4-CD49-44C8-952F-61E9E02D643D}
	EndGlobalSection
	GlobalSection(ExtensibilityGlobals) = postSolution
		SolutionGuid = {15536992-5D0B-4AF4-B2B0-96C75C9128F9}
	EndGlobalSection
EndGlobal
